{
  "name": "file-system-cli",
  "version": "1.0.0",
  "lockfileVersion": 2,
  "requires": true,
  "packages": {
    "": {
      "version": "1.0.0",
      "license": "MIT",
      "devDependencies": {
        "uniqid": "^5.3.0"
      }
    },
    "node_modules/uniqid": {
      "version": "5.3.0",
      "resolved": "https://registry.npmjs.org/uniqid/-/uniqid-5.3.0.tgz",
      "integrity": "sha512-Jq8EzvAT8/CcLu8tzoSiylnzPkNhJJKpnMT964Dj1jI4pG4sKYP9aFVByNTp8KzMvYlW1Um63PCDqtOoujNzrA==",
      "dev": true
    }
  },
  "dependencies": {
    "uniqid": {
      "version": "5.3.0",
      "resolved": "https://registry.npmjs.org/uniqid/-/uniqid-5.3.0.tgz",
      "integrity": "sha512-Jq8EzvAT8/CcLu8tzoSiylnzPkNhJJKpnMT964Dj1jI4pG4sKYP9aFVByNTp8KzMvYlW1Um63PCDqtOoujNzrA==",
      "dev": true
    }
  }
}
